
Microsoft Visual Studio Solution File, Format Version 12.00
# Visual Studio 2012
Project("{FAE04EC0-301F-11D3-BF4B-00C04F79EFBC}") = "GoPay", "GoPay.net-sdk\GoPay.csproj", "{DB110883-0FA4-4ED4-AC2E-CD2106C755FF}"
EndProject
Project("{FAE04EC0-301F-11D3-BF4B-00C04F79EFBC}") = "GoPay.Tests", "GoPay.net-sdkTests\GoPay.Tests.csproj", "{E615049D-C404-4013-B5FE-F83098DC4170}"
EndProject
Project("{2150E333-8FDC-42A3-9474-1A3956D46DE8}") = ".nuget", ".nuget", "{3D6A061B-A210-4999-BC6E-682BE6344494}"
	ProjectSection(SolutionItems) = preProject
		.nuget\NuGet.Config = .nuget\NuGet.Config
		.nuget\NuGet.exe = .nuget\NuGet.exe
		.nuget\NuGet.targets = .nuget\NuGet.targets
	EndProjectSection
EndProject
Global
	GlobalSection(SolutionConfigurationPlatforms) = preSolution
		Debug|Any CPU = Debug|Any CPU
		Release|Any CPU = Release|Any CPU
	EndGlobalSection
	GlobalSection(ProjectConfigurationPlatforms) = postSolution
		{DB110883-0FA4-4ED4-AC2E-CD2106C755FF}.Debug|Any CPU.ActiveCfg = Debug|Any CPU
		{DB110883-0FA4-4ED4-AC2E-CD2106C755FF}.Debug|Any CPU.Build.0 = Debug|Any CPU
		{DB110883-0FA4-4ED4-AC2E-CD2106C755FF}.Release|Any CPU.ActiveCfg = Release|Any CPU
		{DB110883-0FA4-4ED4-AC2E-CD2106C755FF}.Release|Any CPU.Build.0 = Release|Any CPU
		{E615049D-C404-4013-B5FE-F83098DC4170}.Debug|Any CPU.ActiveCfg = Debug|Any CPU
		{E615049D-C404-4013-B5FE-F83098DC4170}.Debug|Any CPU.Build.0 = Debug|Any CPU
		{E615049D-C404-4013-B5FE-F83098DC4170}.Release|Any CPU.ActiveCfg = Release|Any CPU
		{E615049D-C404-4013-B5FE-F83098DC4170}.Release|Any CPU.Build.0 = Release|Any CPU
	EndGlobalSection
	GlobalSection(SolutionProperties) = preSolution
		HideSolutionNode = FALSE
	EndGlobalSection
EndGlobal
